// !$*UTF8*$!
{
	archiveVersion = 1;
	classes = {
	};
	objectVersion = 46;
	objects = {

/* Begin PBXBuildFile section */
		EA7995541E58AB5F00FEEF40 /* LICENSE in Resources */ = {isa = PBXBuildFile; fileRef = EA7995521E58AB5E00FEEF40 /* LICENSE */; };
		EA7995551E58AB5F00FEEF40 /* README.md in Sources */ = {isa = PBXBuildFile; fileRef = EA7995531E58AB5F00FEEF40 /* README.md */; };
		EA7995581E58ACC700FEEF40 /* game1_table_apple_one.png in Resources */ = {isa = PBXBuildFile; fileRef = EA7995561E58ACC700FEEF40 /* game1_table_apple_one.png */; };
		EA7995591E58ACC700FEEF40 /* game1_table_apple_one.plist in Resources */ = {isa = PBXBuildFile; fileRef = EA7995571E58ACC700FEEF40 /* game1_table_apple_one.plist */; };
		EA7995601E58ADED00FEEF40 /* WTFrame.m in Sources */ = {isa = PBXBuildFile; fileRef = EA79955F1E58ADED00FEEF40 /* WTFrame.m */; };
		EA7995631E58ADFA00FEEF40 /* WTMetadata.m in Sources */ = {isa = PBXBuildFile; fileRef = EA7995621E58ADFA00FEEF40 /* WTMetadata.m */; };
		EA955AFC1E58A41D0024B9B8 /* main.m in Sources */ = {isa = PBXBuildFile; fileRef = EA955AFB1E58A41D0024B9B8 /* main.m */; };
		EA955AFF1E58A41D0024B9B8 /* AppDelegate.m in Sources */ = {isa = PBXBuildFile; fileRef = EA955AFE1E58A41D0024B9B8 /* AppDelegate.m */; };
		EA955B071E58A41D0024B9B8 /* Assets.xcassets in Resources */ = {isa = PBXBuildFile; fileRef = EA955B061E58A41D0024B9B8 /* Assets.xcassets */; };
		EA955B0A1E58A41D0024B9B8 /* LaunchScreen.storyboard in Resources */ = {isa = PBXBuildFile; fileRef = EA955B081E58A41D0024B9B8 /* LaunchScreen.storyboard */; };
		EAC3B75E1E58CD40002DEF30 /* Default.xcconfig in Resources */ = {isa = PBXBuildFile; fileRef = EAC3B75D1E58CD40002DEF30 /* Default.xcconfig */; };
		EAC3B75F1E58CF15002DEF30 /* WTFrame.m in Sources */ = {isa = PBXBuildFile; fileRef = EA79955F1E58ADED00FEEF40 /* WTFrame.m */; };
		EAC3B7601E58CF18002DEF30 /* WTMetadata.m in Sources */ = {isa = PBXBuildFile; fileRef = EA7995621E58ADFA00FEEF40 /* WTMetadata.m */; };
		EAC3B7621E58CF8A002DEF30 /* WTModelTests.m in Sources */ = {isa = PBXBuildFile; fileRef = EAC3B7611E58CF8A002DEF30 /* WTModelTests.m */; };
		EADE8BCB1E58A6FD0025CA98 /* WTMainViewController.m in Sources */ = {isa = PBXBuildFile; fileRef = EADE8BC91E58A6FD0025CA98 /* WTMainViewController.m */; };
		EADE8BCC1E58A6FD0025CA98 /* WTMainViewController.xib in Resources */ = {isa = PBXBuildFile; fileRef = EADE8BCA1E58A6FD0025CA98 /* WTMainViewController.xib */; };
/* End PBXBuildFile section */

/* Begin PBXContainerItemProxy section */
		EAC3B7581E58CD0A002DEF30 /* PBXContainerItemProxy */ = {
			isa = PBXContainerItemProxy;
			containerPortal = EA955AEF1E58A41D0024B9B8 /* Project object */;
			proxyType = 1;
			remoteGlobalIDString = EA955AF61E58A41D0024B9B8;
			remoteInfo = Wannatalk;
		};
/* End PBXContainerItemProxy section */

/* Begin PBXFileReference section */
		EA7995521E58AB5E00FEEF40 /* LICENSE */ = {isa = PBXFileReference; fileEncoding = 4; lastKnownFileType = text; path = LICENSE; sourceTree = "<group>"; };
		EA7995531E58AB5F00FEEF40 /* README.md */ = {isa = PBXFileReference; fileEncoding = 4; lastKnownFileType = net.daringfireball.markdown; path = README.md; sourceTree = "<group>"; };
		EA7995561E58ACC700FEEF40 /* game1_table_apple_one.png */ = {isa = PBXFileReference; lastKnownFileType = image.png; path = game1_table_apple_one.png; sourceTree = "<group>"; };
		EA7995571E58ACC700FEEF40 /* game1_table_apple_one.plist */ = {isa = PBXFileReference; fileEncoding = 4; lastKnownFileType = text.plist.xml; path = game1_table_apple_one.plist; sourceTree = "<group>"; };
		EA79955E1E58ADED00FEEF40 /* WTFrame.h */ = {isa = PBXFileReference; fileEncoding = 4; lastKnownFileType = sourcecode.c.h; path = WTFrame.h; sourceTree = "<group>"; };
		EA79955F1E58ADED00FEEF40 /* WTFrame.m */ = {isa = PBXFileReference; fileEncoding = 4; lastKnownFileType = sourcecode.c.objc; path = WTFrame.m; sourceTree = "<group>"; };
		EA7995611E58ADFA00FEEF40 /* WTMetadata.h */ = {isa = PBXFileReference; fileEncoding = 4; lastKnownFileType = sourcecode.c.h; path = WTMetadata.h; sourceTree = "<group>"; };
		EA7995621E58ADFA00FEEF40 /* WTMetadata.m */ = {isa = PBXFileReference; fileEncoding = 4; lastKnownFileType = sourcecode.c.objc; path = WTMetadata.m; sourceTree = "<group>"; };
		EA955AF71E58A41D0024B9B8 /* Wannatalk.app */ = {isa = PBXFileReference; explicitFileType = wrapper.application; includeInIndex = 0; path = Wannatalk.app; sourceTree = BUILT_PRODUCTS_DIR; };
		EA955AFB1E58A41D0024B9B8 /* main.m */ = {isa = PBXFileReference; lastKnownFileType = sourcecode.c.objc; path = main.m; sourceTree = "<group>"; };
		EA955AFD1E58A41D0024B9B8 /* AppDelegate.h */ = {isa = PBXFileReference; lastKnownFileType = sourcecode.c.h; path = AppDelegate.h; sourceTree = "<group>"; };
		EA955AFE1E58A41D0024B9B8 /* AppDelegate.m */ = {isa = PBXFileReference; lastKnownFileType = sourcecode.c.objc; path = AppDelegate.m; sourceTree = "<group>"; };
		EA955B061E58A41D0024B9B8 /* Assets.xcassets */ = {isa = PBXFileReference; lastKnownFileType = folder.assetcatalog; path = Assets.xcassets; sourceTree = "<group>"; };
		EA955B091E58A41D0024B9B8 /* Base */ = {isa = PBXFileReference; lastKnownFileType = file.storyboard; name = Base; path = Base.lproj/LaunchScreen.storyboard; sourceTree = "<group>"; };
		EA955B0B1E58A41D0024B9B8 /* Info.plist */ = {isa = PBXFileReference; lastKnownFileType = text.plist.xml; path = Info.plist; sourceTree = "<group>"; };
		EAC3B7531E58CD0A002DEF30 /* WannatalkTests.xctest */ = {isa = PBXFileReference; explicitFileType = wrapper.cfbundle; includeInIndex = 0; path = WannatalkTests.xctest; sourceTree = BUILT_PRODUCTS_DIR; };
		EAC3B7571E58CD0A002DEF30 /* Info.plist */ = {isa = PBXFileReference; lastKnownFileType = text.plist.xml; path = Info.plist; sourceTree = "<group>"; };
		EAC3B75D1E58CD40002DEF30 /* Default.xcconfig */ = {isa = PBXFileReference; fileEncoding = 4; lastKnownFileType = text.xcconfig; path = Default.xcconfig; sourceTree = "<group>"; };
		EAC3B7611E58CF8A002DEF30 /* WTModelTests.m */ = {isa = PBXFileReference; fileEncoding = 4; lastKnownFileType = sourcecode.c.objc; path = WTModelTests.m; sourceTree = "<group>"; };
		EAC3B7641E58E860002DEF30 /* WTParsing.h */ = {isa = PBXFileReference; fileEncoding = 4; lastKnownFileType = sourcecode.c.h; path = WTParsing.h; sourceTree = "<group>"; };
		EADE8BC81E58A6FD0025CA98 /* WTMainViewController.h */ = {isa = PBXFileReference; fileEncoding = 4; lastKnownFileType = sourcecode.c.h; path = WTMainViewController.h; sourceTree = "<group>"; };
		EADE8BC91E58A6FD0025CA98 /* WTMainViewController.m */ = {isa = PBXFileReference; fileEncoding = 4; lastKnownFileType = sourcecode.c.objc; path = WTMainViewController.m; sourceTree = "<group>"; };
		EADE8BCA1E58A6FD0025CA98 /* WTMainViewController.xib */ = {isa = PBXFileReference; fileEncoding = 4; lastKnownFileType = file.xib; path = WTMainViewController.xib; sourceTree = "<group>"; };
/* End PBXFileReference section */

/* Begin PBXFrameworksBuildPhase section */
		EA955AF41E58A41D0024B9B8 /* Frameworks */ = {
			isa = PBXFrameworksBuildPhase;
			buildActionMask = 2147483647;
			files = (
			);
			runOnlyForDeploymentPostprocessing = 0;
		};
		EAC3B7501E58CD0A002DEF30 /* Frameworks */ = {
			isa = PBXFrameworksBuildPhase;
			buildActionMask = 2147483647;
			files = (
			);
			runOnlyForDeploymentPostprocessing = 0;
		};
/* End PBXFrameworksBuildPhase section */

/* Begin PBXGroup section */
		EA79955A1E58AD5B00FEEF40 /* Entities */ = {
			isa = PBXGroup;
			children = (
				EA79955E1E58ADED00FEEF40 /* WTFrame.h */,
				EA79955F1E58ADED00FEEF40 /* WTFrame.m */,
				EA7995611E58ADFA00FEEF40 /* WTMetadata.h */,
				EA7995621E58ADFA00FEEF40 /* WTMetadata.m */,
			);
			name = Entities;
			sourceTree = "<group>";
		};
		EA955AEE1E58A41D0024B9B8 = {
			isa = PBXGroup;
			children = (
				EA955AF91E58A41D0024B9B8 /* Wannatalk */,
				EAC3B7541E58CD0A002DEF30 /* WannatalkTests */,
				EA955AF81E58A41D0024B9B8 /* Products */,
			);
			sourceTree = "<group>";
		};
		EA955AF81E58A41D0024B9B8 /* Products */ = {
			isa = PBXGroup;
			children = (
				EA955AF71E58A41D0024B9B8 /* Wannatalk.app */,
				EAC3B7531E58CD0A002DEF30 /* WannatalkTests.xctest */,
			);
			name = Products;
			sourceTree = "<group>";
		};
		EA955AF91E58A41D0024B9B8 /* Wannatalk */ = {
			isa = PBXGroup;
			children = (
				EADE8BBD1E58A5090025CA98 /* Code */,
				EADE8BBE1E58A50D0025CA98 /* Resources */,
				EA955AFA1E58A41D0024B9B8 /* Supporting Files */,
			);
			path = Wannatalk;
			sourceTree = "<group>";
		};
		EA955AFA1E58A41D0024B9B8 /* Supporting Files */ = {
			isa = PBXGroup;
			children = (
				EAC3B75D1E58CD40002DEF30 /* Default.xcconfig */,
				EA955B0B1E58A41D0024B9B8 /* Info.plist */,
				EA955AFB1E58A41D0024B9B8 /* main.m */,
			);
			name = "Supporting Files";
			sourceTree = "<group>";
		};
		EAC3B7541E58CD0A002DEF30 /* WannatalkTests */ = {
			isa = PBXGroup;
			children = (
				EAC3B7571E58CD0A002DEF30 /* Info.plist */,
				EAC3B7611E58CF8A002DEF30 /* WTModelTests.m */,
			);
			path = WannatalkTests;
			sourceTree = "<group>";
		};
		EAC3B7631E58E7FA002DEF30 /* Protocols */ = {
			isa = PBXGroup;
			children = (
				EAC3B7641E58E860002DEF30 /* WTParsing.h */,
			);
			name = Protocols;
			sourceTree = "<group>";
		};
		EADE8BBD1E58A5090025CA98 /* Code */ = {
			isa = PBXGroup;
			children = (
				EADE8BC01E58A6350025CA98 /* Apps */,
				EA79955A1E58AD5B00FEEF40 /* Entities */,
				EAC3B7631E58E7FA002DEF30 /* Protocols */,
				EADE8BBF1E58A5FC0025CA98 /* Screens */,
			);
			name = Code;
			sourceTree = "<group>";
		};
		EADE8BBE1E58A50D0025CA98 /* Resources */ = {
			isa = PBXGroup;
			children = (
				EA955B061E58A41D0024B9B8 /* Assets.xcassets */,
				EA7995571E58ACC700FEEF40 /* game1_table_apple_one.plist */,
				EA7995561E58ACC700FEEF40 /* game1_table_apple_one.png */,
				EA7995521E58AB5E00FEEF40 /* LICENSE */,
				EA7995531E58AB5F00FEEF40 /* README.md */,
			);
			name = Resources;
			sourceTree = "<group>";
		};
		EADE8BBF1E58A5FC0025CA98 /* Screens */ = {
			isa = PBXGroup;
			children = (
				EADE8BC21E58A6A90025CA98 /* Main */,
				EADE8BC11E58A6600025CA98 /* Launch */,
			);
			name = Screens;
			sourceTree = "<group>";
		};
		EADE8BC01E58A6350025CA98 /* Apps */ = {
			isa = PBXGroup;
			children = (
				EA955AFD1E58A41D0024B9B8 /* AppDelegate.h */,
				EA955AFE1E58A41D0024B9B8 /* AppDelegate.m */,
			);
			name = Apps;
			sourceTree = "<group>";
		};
		EADE8BC11E58A6600025CA98 /* Launch */ = {
			isa = PBXGroup;
			children = (
				EA955B081E58A41D0024B9B8 /* LaunchScreen.storyboard */,
			);
			name = Launch;
			sourceTree = "<group>";
		};
		EADE8BC21E58A6A90025CA98 /* Main */ = {
			isa = PBXGroup;
			children = (
				EADE8BC81E58A6FD0025CA98 /* WTMainViewController.h */,
				EADE8BC91E58A6FD0025CA98 /* WTMainViewController.m */,
				EADE8BCA1E58A6FD0025CA98 /* WTMainViewController.xib */,
			);
			name = Main;
			sourceTree = "<group>";
		};
/* End PBXGroup section */

/* Begin PBXNativeTarget section */
		EA955AF61E58A41D0024B9B8 /* Wannatalk */ = {
			isa = PBXNativeTarget;
			buildConfigurationList = EA955B0E1E58A41D0024B9B8 /* Build configuration list for PBXNativeTarget "Wannatalk" */;
			buildPhases = (
				EA955AF31E58A41D0024B9B8 /* Sources */,
				EA955AF41E58A41D0024B9B8 /* Frameworks */,
				EA955AF51E58A41D0024B9B8 /* Resources */,
			);
			buildRules = (
			);
			dependencies = (
			);
			name = Wannatalk;
			productName = Wannatalk;
			productReference = EA955AF71E58A41D0024B9B8 /* Wannatalk.app */;
			productType = "com.apple.product-type.application";
		};
		EAC3B7521E58CD0A002DEF30 /* WannatalkTests */ = {
			isa = PBXNativeTarget;
			buildConfigurationList = EAC3B75A1E58CD0A002DEF30 /* Build configuration list for PBXNativeTarget "WannatalkTests" */;
			buildPhases = (
				EAC3B74F1E58CD0A002DEF30 /* Sources */,
				EAC3B7501E58CD0A002DEF30 /* Frameworks */,
				EAC3B7511E58CD0A002DEF30 /* Resources */,
			);
			buildRules = (
			);
			dependencies = (
				EAC3B7591E58CD0A002DEF30 /* PBXTargetDependency */,
			);
			name = WannatalkTests;
			productName = WannatalkTests;
			productReference = EAC3B7531E58CD0A002DEF30 /* WannatalkTests.xctest */;
			productType = "com.apple.product-type.bundle.unit-test";
		};
/* End PBXNativeTarget section */

/* Begin PBXProject section */
		EA955AEF1E58A41D0024B9B8 /* Project object */ = {
			isa = PBXProject;
			attributes = {
				CLASSPREFIX = WT;
				LastUpgradeCheck = 0820;
				ORGANIZATIONNAME = "Evgeniy Akhmerov";
				TargetAttributes = {
					EA955AF61E58A41D0024B9B8 = {
						CreatedOnToolsVersion = 8.2.1;
						DevelopmentTeam = UGFFRZX2C8;
						ProvisioningStyle = Automatic;
					};
					EAC3B7521E58CD0A002DEF30 = {
						CreatedOnToolsVersion = 8.2.1;
						DevelopmentTeam = UGFFRZX2C8;
						ProvisioningStyle = Automatic;
						TestTargetID = EA955AF61E58A41D0024B9B8;
					};
				};
			};
			buildConfigurationList = EA955AF21E58A41D0024B9B8 /* Build configuration list for PBXProject "Wannatalk" */;
			compatibilityVersion = "Xcode 3.2";
			developmentRegion = English;
			hasScannedForEncodings = 0;
			knownRegions = (
				en,
				Base,
			);
			mainGroup = EA955AEE1E58A41D0024B9B8;
			productRefGroup = EA955AF81E58A41D0024B9B8 /* Products */;
			projectDirPath = "";
			projectRoot = "";
			targets = (
				EA955AF61E58A41D0024B9B8 /* Wannatalk */,
				EAC3B7521E58CD0A002DEF30 /* WannatalkTests */,
			);
		};
/* End PBXProject section */

/* Begin PBXResourcesBuildPhase section */
		EA955AF51E58A41D0024B9B8 /* Resources */ = {
			isa = PBXResourcesBuildPhase;
			buildActionMask = 2147483647;
			files = (
				EA955B0A1E58A41D0024B9B8 /* LaunchScreen.storyboard in Resources */,
				EA955B071E58A41D0024B9B8 /* Assets.xcassets in Resources */,
				EA7995541E58AB5F00FEEF40 /* LICENSE in Resources */,
				EA7995581E58ACC700FEEF40 /* game1_table_apple_one.png in Resources */,
				EADE8BCC1E58A6FD0025CA98 /* WTMainViewController.xib in Resources */,
				EAC3B75E1E58CD40002DEF30 /* Default.xcconfig in Resources */,
				EA7995591E58ACC700FEEF40 /* game1_table_apple_one.plist in Resources */,
			);
			runOnlyForDeploymentPostprocessing = 0;
		};
		EAC3B7511E58CD0A002DEF30 /* Resources */ = {
			isa = PBXResourcesBuildPhase;
			buildActionMask = 2147483647;
			files = (
			);
			runOnlyForDeploymentPostprocessing = 0;
		};
/* End PBXResourcesBuildPhase section */

/* Begin PBXSourcesBuildPhase section */
		EA955AF31E58A41D0024B9B8 /* Sources */ = {
			isa = PBXSourcesBuildPhase;
			buildActionMask = 2147483647;
			files = (
				EA7995601E58ADED00FEEF40 /* WTFrame.m in Sources */,
				EADE8BCB1E58A6FD0025CA98 /* WTMainViewController.m in Sources */,
				EA955AFF1E58A41D0024B9B8 /* AppDelegate.m in Sources */,
				EA7995551E58AB5F00FEEF40 /* README.md in Sources */,
				EA955AFC1E58A41D0024B9B8 /* main.m in Sources */,
				EA7995631E58ADFA00FEEF40 /* WTMetadata.m in Sources */,
			);
			runOnlyForDeploymentPostprocessing = 0;
		};
		EAC3B74F1E58CD0A002DEF30 /* Sources */ = {
			isa = PBXSourcesBuildPhase;
			buildActionMask = 2147483647;
			files = (
				EAC3B7621E58CF8A002DEF30 /* WTModelTests.m in Sources */,
				EAC3B75F1E58CF15002DEF30 /* WTFrame.m in Sources */,
				EAC3B7601E58CF18002DEF30 /* WTMetadata.m in Sources */,
			);
			runOnlyForDeploymentPostprocessing = 0;
		};
/* End PBXSourcesBuildPhase section */

/* Begin PBXTargetDependency section */
		EAC3B7591E58CD0A002DEF30 /* PBXTargetDependency */ = {
			isa = PBXTargetDependency;
			target = EA955AF61E58A41D0024B9B8 /* Wannatalk */;
			targetProxy = EAC3B7581E58CD0A002DEF30 /* PBXContainerItemProxy */;
		};
/* End PBXTargetDependency section */

/* Begin PBXVariantGroup section */
		EA955B081E58A41D0024B9B8 /* LaunchScreen.storyboard */ = {
			isa = PBXVariantGroup;
			children = (
				EA955B091E58A41D0024B9B8 /* Base */,
			);
			name = LaunchScreen.storyboard;
			sourceTree = "<group>";
		};
/* End PBXVariantGroup section */

/* Begin XCBuildConfiguration section */
		EA955B0C1E58A41D0024B9B8 /* Debug */ = {
			isa = XCBuildConfiguration;
			buildSettings = {
				ALWAYS_SEARCH_USER_PATHS = NO;
				CLANG_ANALYZER_NONNULL = YES;
				CLANG_CXX_LANGUAGE_STANDARD = "gnu++0x";
				CLANG_CXX_LIBRARY = "libc++";
				CLANG_ENABLE_MODULES = YES;
				CLANG_ENABLE_OBJC_ARC = YES;
				CLANG_WARN_BOOL_CONVERSION = YES;
				CLANG_WARN_CONSTANT_CONVERSION = YES;
				CLANG_WARN_DIRECT_OBJC_ISA_USAGE = YES_ERROR;
				CLANG_WARN_DOCUMENTATION_COMMENTS = YES;
				CLANG_WARN_EMPTY_BODY = YES;
				CLANG_WARN_ENUM_CONVERSION = YES;
				CLANG_WARN_INFINITE_RECURSION = YES;
				CLANG_WARN_INT_CONVERSION = YES;
				CLANG_WARN_OBJC_ROOT_CLASS = YES_ERROR;
				CLANG_WARN_SUSPICIOUS_MOVE = YES;
				CLANG_WARN_UNREACHABLE_CODE = YES;
				CLANG_WARN__DUPLICATE_METHOD_MATCH = YES;
				"CODE_SIGN_IDENTITY[sdk=iphoneos*]" = "iPhone Developer";
				COPY_PHASE_STRIP = NO;
				DEBUG_INFORMATION_FORMAT = dwarf;
				ENABLE_STRICT_OBJC_MSGSEND = YES;
				ENABLE_TESTABILITY = YES;
				GCC_C_LANGUAGE_STANDARD = gnu99;
				GCC_DYNAMIC_NO_PIC = NO;
				GCC_NO_COMMON_BLOCKS = YES;
				GCC_OPTIMIZATION_LEVEL = 0;
				GCC_PREPROCESSOR_DEFINITIONS = (
					"DEBUG=1",
					"$(inherited)",
				);
				GCC_WARN_64_TO_32_BIT_CONVERSION = YES;
				GCC_WARN_ABOUT_RETURN_TYPE = YES_ERROR;
				GCC_WARN_UNDECLARED_SELECTOR = YES;
				GCC_WARN_UNINITIALIZED_AUTOS = YES_AGGRESSIVE;
				GCC_WARN_UNUSED_FUNCTION = YES;
				GCC_WARN_UNUSED_VARIABLE = YES;
				IPHONEOS_DEPLOYMENT_TARGET = 8.0;
				MTL_ENABLE_DEBUG_INFO = YES;
				ONLY_ACTIVE_ARCH = YES;
				SDKROOT = iphoneos;
			};
			name = Debug;
		};
		EA955B0D1E58A41D0024B9B8 /* Release */ = {
			isa = XCBuildConfiguration;
			buildSettings = {
				ALWAYS_SEARCH_USER_PATHS = NO;
				CLANG_ANALYZER_NONNULL = YES;
				CLANG_CXX_LANGUAGE_STANDARD = "gnu++0x";
				CLANG_CXX_LIBRARY = "libc++";
				CLANG_ENABLE_MODULES = YES;
				CLANG_ENABLE_OBJC_ARC = YES;
				CLANG_WARN_BOOL_CONVERSION = YES;
				CLANG_WARN_CONSTANT_CONVERSION = YES;
				CLANG_WARN_DIRECT_OBJC_ISA_USAGE = YES_ERROR;
				CLANG_WARN_DOCUMENTATION_COMMENTS = YES;
				CLANG_WARN_EMPTY_BODY = YES;
				CLANG_WARN_ENUM_CONVERSION = YES;
				CLANG_WARN_INFINITE_RECURSION = YES;
				CLANG_WARN_INT_CONVERSION = YES;
				CLANG_WARN_OBJC_ROOT_CLASS = YES_ERROR;
				CLANG_WARN_SUSPICIOUS_MOVE = YES;
				CLANG_WARN_UNREACHABLE_CODE = YES;
				CLANG_WARN__DUPLICATE_METHOD_MATCH = YES;
				"CODE_SIGN_IDENTITY[sdk=iphoneos*]" = "iPhone Developer";
				COPY_PHASE_STRIP = NO;
				DEBUG_INFORMATION_FORMAT = "dwarf-with-dsym";
				ENABLE_NS_ASSERTIONS = NO;
				ENABLE_STRICT_OBJC_MSGSEND = YES;
				GCC_C_LANGUAGE_STANDARD = gnu99;
				GCC_NO_COMMON_BLOCKS = YES;
				GCC_WARN_64_TO_32_BIT_CONVERSION = YES;
				GCC_WARN_ABOUT_RETURN_TYPE = YES_ERROR;
				GCC_WARN_UNDECLARED_SELECTOR = YES;
				GCC_WARN_UNINITIALIZED_AUTOS = YES_AGGRESSIVE;
				GCC_WARN_UNUSED_FUNCTION = YES;
				GCC_WARN_UNUSED_VARIABLE = YES;
				IPHONEOS_DEPLOYMENT_TARGET = 8.0;
				MTL_ENABLE_DEBUG_INFO = NO;
				SDKROOT = iphoneos;
				VALIDATE_PRODUCT = YES;
			};
			name = Release;
		};
		EA955B0F1E58A41D0024B9B8 /* Debug */ = {
			isa = XCBuildConfiguration;
			buildSettings = {
				ASSETCATALOG_COMPILER_APPICON_NAME = AppIcon;
				"CODE_SIGN_IDENTITY[sdk=iphoneos*]" = "iPhone Developer";
				DEVELOPMENT_TEAM = UGFFRZX2C8;
				INFOPLIST_FILE = Wannatalk/Info.plist;
				IPHONEOS_DEPLOYMENT_TARGET = 8.0;
				LD_RUNPATH_SEARCH_PATHS = "$(inherited) @executable_path/Frameworks";
				PRODUCT_BUNDLE_IDENTIFIER = com.zhurov.Wannatalk;
				PRODUCT_NAME = "$(TARGET_NAME)";
			};
			name = Debug;
		};
		EA955B101E58A41D0024B9B8 /* Release */ = {
			isa = XCBuildConfiguration;
			buildSettings = {
				ASSETCATALOG_COMPILER_APPICON_NAME = AppIcon;
				"CODE_SIGN_IDENTITY[sdk=iphoneos*]" = "iPhone Developer";
				DEVELOPMENT_TEAM = UGFFRZX2C8;
				INFOPLIST_FILE = Wannatalk/Info.plist;
				IPHONEOS_DEPLOYMENT_TARGET = 8.0;
				LD_RUNPATH_SEARCH_PATHS = "$(inherited) @executable_path/Frameworks";
				PRODUCT_BUNDLE_IDENTIFIER = com.zhurov.Wannatalk;
				PRODUCT_NAME = "$(TARGET_NAME)";
			};
			name = Release;
		};
		EAC3B75B1E58CD0A002DEF30 /* Debug */ = {
			isa = XCBuildConfiguration;
			buildSettings = {
				BUNDLE_LOADER = "$(TEST_HOST)";
				DEVELOPMENT_TEAM = UGFFRZX2C8;
				INFOPLIST_FILE = WannatalkTests/Info.plist;
				IPHONEOS_DEPLOYMENT_TARGET = 10.2;
				LD_RUNPATH_SEARCH_PATHS = "$(inherited) @executable_path/Frameworks @loader_path/Frameworks";
				PRODUCT_BUNDLE_IDENTIFIER = com.zhurov.WannatalkTests;
				PRODUCT_NAME = "$(TARGET_NAME)";
				TEST_HOST = "$(BUILT_PRODUCTS_DIR)/Wannatalk.app/Wannatalk";
			};
			name = Debug;
		};
		EAC3B75C1E58CD0A002DEF30 /* Release */ = {
			isa = XCBuildConfiguration;
			buildSettings = {
				BUNDLE_LOADER = "$(TEST_HOST)";
				DEVELOPMENT_TEAM = UGFFRZX2C8;
				INFOPLIST_FILE = WannatalkTests/Info.plist;
				IPHONEOS_DEPLOYMENT_TARGET = 10.2;
				LD_RUNPATH_SEARCH_PATHS = "$(inherited) @executable_path/Frameworks @loader_path/Frameworks";
				PRODUCT_BUNDLE_IDENTIFIER = com.zhurov.WannatalkTests;
				PRODUCT_NAME = "$(TARGET_NAME)";
				TEST_HOST = "$(BUILT_PRODUCTS_DIR)/Wannatalk.app/Wannatalk";
			};
			name = Release;
		};
/* End XCBuildConfiguration section */

/* Begin XCConfigurationList section */
		EA955AF21E58A41D0024B9B8 /* Build configuration list for PBXProject "Wannatalk" */ = {
			isa = XCConfigurationList;
			buildConfigurations = (
				EA955B0C1E58A41D0024B9B8 /* Debug */,
				EA955B0D1E58A41D0024B9B8 /* Release */,
			);
			defaultConfigurationIsVisible = 0;
			defaultConfigurationName = Release;
		};
		EA955B0E1E58A41D0024B9B8 /* Build configuration list for PBXNativeTarget "Wannatalk" */ = {
			isa = XCConfigurationList;
			buildConfigurations = (
				EA955B0F1E58A41D0024B9B8 /* Debug */,
				EA955B101E58A41D0024B9B8 /* Release */,
			);
			defaultConfigurationIsVisible = 0;
			defaultConfigurationName = Release;
		};
		EAC3B75A1E58CD0A002DEF30 /* Build configuration list for PBXNativeTarget "WannatalkTests" */ = {
			isa = XCConfigurationList;
			buildConfigurations = (
				EAC3B75B1E58CD0A002DEF30 /* Debug */,
				EAC3B75C1E58CD0A002DEF30 /* Release */,
			);
			defaultConfigurationIsVisible = 0;
			defaultConfigurationName = Release;
		};
/* End XCConfigurationList section */
	};
	rootObject = EA955AEF1E58A41D0024B9B8 /* Project object */;
}
